
Microsoft Visual Studio Solution File, Format Version 12.00
# Visual Studio Version 17
VisualStudioVersion = 17.11.35327.3
MinimumVisualStudioVersion = 10.0.40219.1
Project("{9A19103F-16F7-4668-BE54-9A1E7A4F7556}") = "Application", "..\Application\Application.csproj", "{91F2C675-9C13-41C2-9F6D-09E912D23785}"
EndProject
Project("{9A19103F-16F7-4668-BE54-9A1E7A4F7556}") = "API", "..\API\API.csproj", "{9EA7AF79-65D5-483F-8AAC-1F56E56CAA8C}"
EndProject
Project("{9A19103F-16F7-4668-BE54-9A1E7A4F7556}") = "Domain", "..\Domain\Domain.csproj", "{EF41D616-295D-4366-ABA5-52E931E2C0FF}"
EndProject
Project("{9A19103F-16F7-4668-BE54-9A1E7A4F7556}") = "Infra.Core", "..\Infra.Core\Infra.Core.csproj", "{D6DFAC5C-C1EB-42B4-9640-AD498F72CF6F}"
EndProject
Project("{9A19103F-16F7-4668-BE54-9A1E7A4F7556}") = "SPA", "..\SPA\SPA.csproj", "{26CA5B15-CE97-4E86-BB33-BECE86A95361}"
EndProject
Global
	GlobalSection(SolutionConfigurationPlatforms) = preSolution
		Debug|Any CPU = Debug|Any CPU
		Release|Any CPU = Release|Any CPU
	EndGlobalSection
	GlobalSection(ProjectConfigurationPlatforms) = postSolution
		{91F2C675-9C13-41C2-9F6D-09E912D23785}.Debug|Any CPU.ActiveCfg = Debug|Any CPU
		{91F2C675-9C13-41C2-9F6D-09E912D23785}.Debug|Any CPU.Build.0 = Debug|Any CPU
		{91F2C675-9C13-41C2-9F6D-09E912D23785}.Release|Any CPU.ActiveCfg = Release|Any CPU
		{91F2C675-9C13-41C2-9F6D-09E912D23785}.Release|Any CPU.Build.0 = Release|Any CPU
		{9EA7AF79-65D5-483F-8AAC-1F56E56CAA8C}.Debug|Any CPU.ActiveCfg = Debug|Any CPU
		{9EA7AF79-65D5-483F-8AAC-1F56E56CAA8C}.Debug|Any CPU.Build.0 = Debug|Any CPU
		{9EA7AF79-65D5-483F-8AAC-1F56E56CAA8C}.Release|Any CPU.ActiveCfg = Release|Any CPU
		{9EA7AF79-65D5-483F-8AAC-1F56E56CAA8C}.Release|Any CPU.Build.0 = Release|Any CPU
		{EF41D616-295D-4366-ABA5-52E931E2C0FF}.Debug|Any CPU.ActiveCfg = Debug|Any CPU
		{EF41D616-295D-4366-ABA5-52E931E2C0FF}.Debug|Any CPU.Build.0 = Debug|Any CPU
		{EF41D616-295D-4366-ABA5-52E931E2C0FF}.Release|Any CPU.ActiveCfg = Release|Any CPU
		{EF41D616-295D-4366-ABA5-52E931E2C0FF}.Release|Any CPU.Build.0 = Release|Any CPU
		{D6DFAC5C-C1EB-42B4-9640-AD498F72CF6F}.Debug|Any CPU.ActiveCfg = Debug|Any CPU
		{D6DFAC5C-C1EB-42B4-9640-AD498F72CF6F}.Debug|Any CPU.Build.0 = Debug|Any CPU
		{D6DFAC5C-C1EB-42B4-9640-AD498F72CF6F}.Release|Any CPU.ActiveCfg = Release|Any CPU
		{D6DFAC5C-C1EB-42B4-9640-AD498F72CF6F}.Release|Any CPU.Build.0 = Release|Any CPU
		{26CA5B15-CE97-4E86-BB33-BECE86A95361}.Debug|Any CPU.ActiveCfg = Debug|Any CPU
		{26CA5B15-CE97-4E86-BB33-BECE86A95361}.Debug|Any CPU.Build.0 = Debug|Any CPU
		{26CA5B15-CE97-4E86-BB33-BECE86A95361}.Release|Any CPU.ActiveCfg = Release|Any CPU
		{26CA5B15-CE97-4E86-BB33-BECE86A95361}.Release|Any CPU.Build.0 = Release|Any CPU
	EndGlobalSection
	GlobalSection(SolutionProperties) = preSolution
		HideSolutionNode = FALSE
	EndGlobalSection
	GlobalSection(ExtensibilityGlobals) = postSolution
		SolutionGuid = {64FBEB4E-358E-4669-B3E2-9E0B812E2D85}
	EndGlobalSection
EndGlobal
